
Microsoft Visual Studio Solution File, Format Version 12.00
# Visual Studio 14
VisualStudioVersion = 14.0.25420.1
MinimumVisualStudioVersion = 10.0.40219.1
Project("{FAE04EC0-301F-11D3-BF4B-00C04F79EFBC}") = "01_Students-Results", "01_Students-Results\01_Students-Results.csproj", "{32262212-2164-4FD5-BA3A-7D0C7B061670}"
EndProject
Project("{FAE04EC0-301F-11D3-BF4B-00C04F79EFBC}") = "02_Parse-URLs", "02_Parse-URLs\02_Parse-URLs.csproj", "{F2B855C0-EBA7-4E01-A9AD-22D8712CC26E}"
EndProject
Project("{FAE04EC0-301F-11D3-BF4B-00C04F79EFBC}") = "03_Parse-Tags", "03_Parse-Tags\03_Parse-Tags.csproj", "{389DB26D-61DB-4EB3-80E7-6781B0008FAE}"
EndProject
Project("{FAE04EC0-301F-11D3-BF4B-00C04F79EFBC}") = "04_Special-Words", "04_Special-Words\04_Special-Words.csproj", "{FBEC5FA7-D180-4698-BDE4-04C4BCB1E9E4}"
EndProject
Project("{FAE04EC0-301F-11D3-BF4B-00C04F79EFBC}") = "05_Concatenate-Strings", "05_Concatenate-Strings\05_Concatenate-Strings.csproj", "{98844DC5-FEED-47BA-ACD9-3D4F44A7AF57}"
EndProject
Global
	GlobalSection(SolutionConfigurationPlatforms) = preSolution
		Debug|Any CPU = Debug|Any CPU
		Release|Any CPU = Release|Any CPU
	EndGlobalSection
	GlobalSection(ProjectConfigurationPlatforms) = postSolution
		{32262212-2164-4FD5-BA3A-7D0C7B061670}.Debug|Any CPU.ActiveCfg = Debug|Any CPU
		{32262212-2164-4FD5-BA3A-7D0C7B061670}.Debug|Any CPU.Build.0 = Debug|Any CPU
		{32262212-2164-4FD5-BA3A-7D0C7B061670}.Release|Any CPU.ActiveCfg = Release|Any CPU
		{32262212-2164-4FD5-BA3A-7D0C7B061670}.Release|Any CPU.Build.0 = Release|Any CPU
		{F2B855C0-EBA7-4E01-A9AD-22D8712CC26E}.Debug|Any CPU.ActiveCfg = Debug|Any CPU
		{F2B855C0-EBA7-4E01-A9AD-22D8712CC26E}.Debug|Any CPU.Build.0 = Debug|Any CPU
		{F2B855C0-EBA7-4E01-A9AD-22D8712CC26E}.Release|Any CPU.ActiveCfg = Release|Any CPU
		{F2B855C0-EBA7-4E01-A9AD-22D8712CC26E}.Release|Any CPU.Build.0 = Release|Any CPU
		{389DB26D-61DB-4EB3-80E7-6781B0008FAE}.Debug|Any CPU.ActiveCfg = Debug|Any CPU
		{389DB26D-61DB-4EB3-80E7-6781B0008FAE}.Debug|Any CPU.Build.0 = Debug|Any CPU
		{389DB26D-61DB-4EB3-80E7-6781B0008FAE}.Release|Any CPU.ActiveCfg = Release|Any CPU
		{389DB26D-61DB-4EB3-80E7-6781B0008FAE}.Release|Any CPU.Build.0 = Release|Any CPU
		{FBEC5FA7-D180-4698-BDE4-04C4BCB1E9E4}.Debug|Any CPU.ActiveCfg = Debug|Any CPU
		{FBEC5FA7-D180-4698-BDE4-04C4BCB1E9E4}.Debug|Any CPU.Build.0 = Debug|Any CPU
		{FBEC5FA7-D180-4698-BDE4-04C4BCB1E9E4}.Release|Any CPU.ActiveCfg = Release|Any CPU
		{FBEC5FA7-D180-4698-BDE4-04C4BCB1E9E4}.Release|Any CPU.Build.0 = Release|Any CPU
		{98844DC5-FEED-47BA-ACD9-3D4F44A7AF57}.Debug|Any CPU.ActiveCfg = Debug|Any CPU
		{98844DC5-FEED-47BA-ACD9-3D4F44A7AF57}.Debug|Any CPU.Build.0 = Debug|Any CPU
		{98844DC5-FEED-47BA-ACD9-3D4F44A7AF57}.Release|Any CPU.ActiveCfg = Release|Any CPU
		{98844DC5-FEED-47BA-ACD9-3D4F44A7AF57}.Release|Any CPU.Build.0 = Release|Any CPU
	EndGlobalSection
	GlobalSection(SolutionProperties) = preSolution
		HideSolutionNode = FALSE
	EndGlobalSection
EndGlobal
