
Microsoft Visual Studio Solution File, Format Version 12.00
# Visual Studio 14
VisualStudioVersion = 14.0.25420.1
MinimumVisualStudioVersion = 10.0.40219.1
Project("{FAE04EC0-301F-11D3-BF4B-00C04F79EFBC}") = "01_Sum-Matrix-Elements", "01_Sum-Matrix-Elements\01_Sum-Matrix-Elements.csproj", "{1318D757-73B2-455B-A181-419F679A5487}"
EndProject
Project("{FAE04EC0-301F-11D3-BF4B-00C04F79EFBC}") = "02_Maximum-Sum-Of-2x2-Submatrix", "02_Maximum-Sum-Of-2x2-Submatrix\02_Maximum-Sum-Of-2x2-Submatrix.csproj", "{4132C20D-BA54-4444-B7A5-26A38B44775F}"
EndProject
Project("{FAE04EC0-301F-11D3-BF4B-00C04F79EFBC}") = "03_Group-Numbers", "03_Group-Numbers\03_Group-Numbers.csproj", "{C64826E9-9353-453A-BC56-F088CF452360}"
EndProject
Project("{FAE04EC0-301F-11D3-BF4B-00C04F79EFBC}") = "04_Pascal-Triangle", "04_Pascal-Triangle\04_Pascal-Triangle.csproj", "{F73EEA24-33CA-4F45-AEE5-630C872D5FAF}"
EndProject
Project("{FAE04EC0-301F-11D3-BF4B-00C04F79EFBC}") = "03_Group-Numbers-1", "03_Group-Numbers-1\03_Group-Numbers-1.csproj", "{5DF55579-C39F-4DA0-86D0-1F7B3AB3B4D0}"
EndProject
Project("{FAE04EC0-301F-11D3-BF4B-00C04F79EFBC}") = "03_Group-Numbers-2", "03_Group-Numbers-2\03_Group-Numbers-2.csproj", "{FF63F7AB-AF9E-4BA5-A1AD-EA55FC106281}"
EndProject
Global
	GlobalSection(SolutionConfigurationPlatforms) = preSolution
		Debug|Any CPU = Debug|Any CPU
		Release|Any CPU = Release|Any CPU
	EndGlobalSection
	GlobalSection(ProjectConfigurationPlatforms) = postSolution
		{1318D757-73B2-455B-A181-419F679A5487}.Debug|Any CPU.ActiveCfg = Debug|Any CPU
		{1318D757-73B2-455B-A181-419F679A5487}.Debug|Any CPU.Build.0 = Debug|Any CPU
		{1318D757-73B2-455B-A181-419F679A5487}.Release|Any CPU.ActiveCfg = Release|Any CPU
		{1318D757-73B2-455B-A181-419F679A5487}.Release|Any CPU.Build.0 = Release|Any CPU
		{4132C20D-BA54-4444-B7A5-26A38B44775F}.Debug|Any CPU.ActiveCfg = Debug|Any CPU
		{4132C20D-BA54-4444-B7A5-26A38B44775F}.Debug|Any CPU.Build.0 = Debug|Any CPU
		{4132C20D-BA54-4444-B7A5-26A38B44775F}.Release|Any CPU.ActiveCfg = Release|Any CPU
		{4132C20D-BA54-4444-B7A5-26A38B44775F}.Release|Any CPU.Build.0 = Release|Any CPU
		{C64826E9-9353-453A-BC56-F088CF452360}.Debug|Any CPU.ActiveCfg = Debug|Any CPU
		{C64826E9-9353-453A-BC56-F088CF452360}.Debug|Any CPU.Build.0 = Debug|Any CPU
		{C64826E9-9353-453A-BC56-F088CF452360}.Release|Any CPU.ActiveCfg = Release|Any CPU
		{C64826E9-9353-453A-BC56-F088CF452360}.Release|Any CPU.Build.0 = Release|Any CPU
		{F73EEA24-33CA-4F45-AEE5-630C872D5FAF}.Debug|Any CPU.ActiveCfg = Debug|Any CPU
		{F73EEA24-33CA-4F45-AEE5-630C872D5FAF}.Debug|Any CPU.Build.0 = Debug|Any CPU
		{F73EEA24-33CA-4F45-AEE5-630C872D5FAF}.Release|Any CPU.ActiveCfg = Release|Any CPU
		{F73EEA24-33CA-4F45-AEE5-630C872D5FAF}.Release|Any CPU.Build.0 = Release|Any CPU
		{5DF55579-C39F-4DA0-86D0-1F7B3AB3B4D0}.Debug|Any CPU.ActiveCfg = Debug|Any CPU
		{5DF55579-C39F-4DA0-86D0-1F7B3AB3B4D0}.Debug|Any CPU.Build.0 = Debug|Any CPU
		{5DF55579-C39F-4DA0-86D0-1F7B3AB3B4D0}.Release|Any CPU.ActiveCfg = Release|Any CPU
		{5DF55579-C39F-4DA0-86D0-1F7B3AB3B4D0}.Release|Any CPU.Build.0 = Release|Any CPU
		{FF63F7AB-AF9E-4BA5-A1AD-EA55FC106281}.Debug|Any CPU.ActiveCfg = Debug|Any CPU
		{FF63F7AB-AF9E-4BA5-A1AD-EA55FC106281}.Debug|Any CPU.Build.0 = Debug|Any CPU
		{FF63F7AB-AF9E-4BA5-A1AD-EA55FC106281}.Release|Any CPU.ActiveCfg = Release|Any CPU
		{FF63F7AB-AF9E-4BA5-A1AD-EA55FC106281}.Release|Any CPU.Build.0 = Release|Any CPU
	EndGlobalSection
	GlobalSection(SolutionProperties) = preSolution
		HideSolutionNode = FALSE
	EndGlobalSection
EndGlobal
